# This file is automatically @generated by Cargo.
# It is not intended for manual editing.
version = 4

[[package]]
name = "slate-ai"
version = "0.0.1"

[[package]]
name = "slate-app"
version = "0.0.1"

[[package]]
name = "slate-color"
version = "0.0.1"

[[package]]
name = "slate-core"
version = "0.0.1"

[[package]]
name = "slate-gpu"
version = "0.0.1"

[[package]]
name = "slate-media"
version = "0.0.1"

[[package]]
name = "slate-templates"
version = "0.0.1"
